
Microsoft Visual Studio Solution File, Format Version 12.00
# Visual Studio Version 16
VisualStudioVersion = 16.0.30717.126
MinimumVisualStudioVersion = 10.0.40219.1
Project("{9A19103F-16F7-4668-BE54-9A1E7A4F7556}") = "Huffman", "Huffman\Huffman.csproj", "{EAADA2DC-B8CD-4984-BA16-40F4A01D130D}"
EndProject
Project("{9A19103F-16F7-4668-BE54-9A1E7A4F7556}") = "Huffman.Tests", "Huffman.Tests\Huffman.Tests.csproj", "{AB0E541B-6980-411F-99FD-E6ED2AFE57EC}"
EndProject
Project("{2150E333-8FDC-42A3-9474-1A3956D46DE8}") = "Solution Items", "Solution Items", "{64E24350-9287-47FC-A96E-A62672855541}"
	ProjectSection(SolutionItems) = preProject
		..\Benchmark-All.ps1 = ..\Benchmark-All.ps1
		..\Benchmarks.md = ..\Benchmarks.md
		..\Generate-All-Visualisations.ps1 = ..\Generate-All-Visualisations.ps1
		..\README.md = ..\README.md
	EndProjectSection
EndProject
Project("{9A19103F-16F7-4668-BE54-9A1E7A4F7556}") = "Huffman.Console", "Huffman.Console\Huffman.Console.csproj", "{B19CF28B-A735-45ED-9881-8FFA2223FA57}"
EndProject
Project("{2150E333-8FDC-42A3-9474-1A3956D46DE8}") = "Visualisations", "Visualisations", "{2780C1A5-9FEC-4973-806F-46A128ADEEF0}"
	ProjectSection(SolutionItems) = preProject
		..\visualisations\A Tale of Two Cities.html = ..\visualisations\A Tale of Two Cities.html
		..\visualisations\Frankenstein or the Modern Prometheus.html = ..\visualisations\Frankenstein or the Modern Prometheus.html
		..\visualisations\Great Expectations.html = ..\visualisations\Great Expectations.html
		..\visualisations\Les Misérables.html = ..\visualisations\Les Misérables.html
		..\visualisations\Pride and Prejudice.html = ..\visualisations\Pride and Prejudice.html
		..\visualisations\Stevo.html = ..\visualisations\Stevo.html
		..\visualisations\War of the Worlds.html = ..\visualisations\War of the Worlds.html
	EndProjectSection
EndProject
Global
	GlobalSection(SolutionConfigurationPlatforms) = preSolution
		Debug|Any CPU = Debug|Any CPU
		Release|Any CPU = Release|Any CPU
	EndGlobalSection
	GlobalSection(ProjectConfigurationPlatforms) = postSolution
		{EAADA2DC-B8CD-4984-BA16-40F4A01D130D}.Debug|Any CPU.ActiveCfg = Debug|Any CPU
		{EAADA2DC-B8CD-4984-BA16-40F4A01D130D}.Debug|Any CPU.Build.0 = Debug|Any CPU
		{EAADA2DC-B8CD-4984-BA16-40F4A01D130D}.Release|Any CPU.ActiveCfg = Release|Any CPU
		{EAADA2DC-B8CD-4984-BA16-40F4A01D130D}.Release|Any CPU.Build.0 = Release|Any CPU
		{AB0E541B-6980-411F-99FD-E6ED2AFE57EC}.Debug|Any CPU.ActiveCfg = Debug|Any CPU
		{AB0E541B-6980-411F-99FD-E6ED2AFE57EC}.Debug|Any CPU.Build.0 = Debug|Any CPU
		{AB0E541B-6980-411F-99FD-E6ED2AFE57EC}.Release|Any CPU.ActiveCfg = Release|Any CPU
		{AB0E541B-6980-411F-99FD-E6ED2AFE57EC}.Release|Any CPU.Build.0 = Release|Any CPU
		{B19CF28B-A735-45ED-9881-8FFA2223FA57}.Debug|Any CPU.ActiveCfg = Debug|Any CPU
		{B19CF28B-A735-45ED-9881-8FFA2223FA57}.Debug|Any CPU.Build.0 = Debug|Any CPU
		{B19CF28B-A735-45ED-9881-8FFA2223FA57}.Release|Any CPU.ActiveCfg = Release|Any CPU
		{B19CF28B-A735-45ED-9881-8FFA2223FA57}.Release|Any CPU.Build.0 = Release|Any CPU
	EndGlobalSection
	GlobalSection(SolutionProperties) = preSolution
		HideSolutionNode = FALSE
	EndGlobalSection
	GlobalSection(ExtensibilityGlobals) = postSolution
		SolutionGuid = {77079F55-D6B0-4F68-B132-641BFB2C75B8}
	EndGlobalSection
EndGlobal
